
Microsoft Visual Studio Solution File, Format Version 11.00
# Visual Studio 2010
Project("{8BC9CEB8-8B4A-11D0-8D11-00A0C91BC942}") = "打开给定文件并输出内容", "打开给定文件并输出内容\打开给定文件并输出内容.vcxproj", "{6EB77DCD-793B-47CB-A81D-AECBA46F733F}"
EndProject
Global
	GlobalSection(SolutionConfigurationPlatforms) = preSolution
		Debug|Win32 = Debug|Win32
		Release|Win32 = Release|Win32
	EndGlobalSection
	GlobalSection(ProjectConfigurationPlatforms) = postSolution
		{6EB77DCD-793B-47CB-A81D-AECBA46F733F}.Debug|Win32.ActiveCfg = Debug|Win32
		{6EB77DCD-793B-47CB-A81D-AECBA46F733F}.Debug|Win32.Build.0 = Debug|Win32
		{6EB77DCD-793B-47CB-A81D-AECBA46F733F}.Release|Win32.ActiveCfg = Release|Win32
		{6EB77DCD-793B-47CB-A81D-AECBA46F733F}.Release|Win32.Build.0 = Release|Win32
	EndGlobalSection
	GlobalSection(SolutionProperties) = preSolution
		HideSolutionNode = FALSE
	EndGlobalSection
EndGlobal
