
Microsoft Visual Studio Solution File, Format Version 11.00
# Visual Studio 2010
Project("{8BC9CEB8-8B4A-11D0-8D11-00A0C91BC942}") = "bitset异常捕获", "bitset异常捕获\bitset异常捕获.vcxproj", "{F497BDBE-E9DC-4B76-BD56-5F4543348ED3}"
EndProject
Global
	GlobalSection(SolutionConfigurationPlatforms) = preSolution
		Debug|Win32 = Debug|Win32
		Release|Win32 = Release|Win32
	EndGlobalSection
	GlobalSection(ProjectConfigurationPlatforms) = postSolution
		{F497BDBE-E9DC-4B76-BD56-5F4543348ED3}.Debug|Win32.ActiveCfg = Debug|Win32
		{F497BDBE-E9DC-4B76-BD56-5F4543348ED3}.Debug|Win32.Build.0 = Debug|Win32
		{F497BDBE-E9DC-4B76-BD56-5F4543348ED3}.Release|Win32.ActiveCfg = Release|Win32
		{F497BDBE-E9DC-4B76-BD56-5F4543348ED3}.Release|Win32.Build.0 = Release|Win32
	EndGlobalSection
	GlobalSection(SolutionProperties) = preSolution
		HideSolutionNode = FALSE
	EndGlobalSection
EndGlobal
