
Microsoft Visual Studio Solution File, Format Version 11.00
# Visual Studio 2010
Project("{8BC9CEB8-8B4A-11D0-8D11-00A0C91BC942}") = "编写流类型形参和返回值的函数", "编写流类型形参和返回值的函数\编写流类型形参和返回值的函数.vcxproj", "{38095E69-59ED-432A-8AE7-EAADB500E9A4}"
EndProject
Global
	GlobalSection(SolutionConfigurationPlatforms) = preSolution
		Debug|Win32 = Debug|Win32
		Release|Win32 = Release|Win32
	EndGlobalSection
	GlobalSection(ProjectConfigurationPlatforms) = postSolution
		{38095E69-59ED-432A-8AE7-EAADB500E9A4}.Debug|Win32.ActiveCfg = Debug|Win32
		{38095E69-59ED-432A-8AE7-EAADB500E9A4}.Debug|Win32.Build.0 = Debug|Win32
		{38095E69-59ED-432A-8AE7-EAADB500E9A4}.Release|Win32.ActiveCfg = Release|Win32
		{38095E69-59ED-432A-8AE7-EAADB500E9A4}.Release|Win32.Build.0 = Release|Win32
	EndGlobalSection
	GlobalSection(SolutionProperties) = preSolution
		HideSolutionNode = FALSE
	EndGlobalSection
EndGlobal
