
Microsoft Visual Studio Solution File, Format Version 11.00
# Visual Studio 2010
Project("{8BC9CEB8-8B4A-11D0-8D11-00A0C91BC942}") = "蜗牛", "蜗牛\蜗牛.vcxproj", "{8B931290-073A-4348-9A76-9CB210631243}"
EndProject
Global
	GlobalSection(SolutionConfigurationPlatforms) = preSolution
		Debug|Win32 = Debug|Win32
		Release|Win32 = Release|Win32
	EndGlobalSection
	GlobalSection(ProjectConfigurationPlatforms) = postSolution
		{8B931290-073A-4348-9A76-9CB210631243}.Debug|Win32.ActiveCfg = Debug|Win32
		{8B931290-073A-4348-9A76-9CB210631243}.Debug|Win32.Build.0 = Debug|Win32
		{8B931290-073A-4348-9A76-9CB210631243}.Release|Win32.ActiveCfg = Release|Win32
		{8B931290-073A-4348-9A76-9CB210631243}.Release|Win32.Build.0 = Release|Win32
	EndGlobalSection
	GlobalSection(SolutionProperties) = preSolution
		HideSolutionNode = FALSE
	EndGlobalSection
EndGlobal
