
Microsoft Visual Studio Solution File, Format Version 11.00
# Visual Studio 2010
Project("{8BC9CEB8-8B4A-11D0-8D11-00A0C91BC942}") = "比较两个string或c类型的字符串", "比较两个string或c类型的字符串\比较两个string或c类型的字符串.vcxproj", "{E0C24948-7856-47F1-8249-2FCECC7F2C9C}"
EndProject
Global
	GlobalSection(SolutionConfigurationPlatforms) = preSolution
		Debug|Win32 = Debug|Win32
		Release|Win32 = Release|Win32
	EndGlobalSection
	GlobalSection(ProjectConfigurationPlatforms) = postSolution
		{E0C24948-7856-47F1-8249-2FCECC7F2C9C}.Debug|Win32.ActiveCfg = Debug|Win32
		{E0C24948-7856-47F1-8249-2FCECC7F2C9C}.Debug|Win32.Build.0 = Debug|Win32
		{E0C24948-7856-47F1-8249-2FCECC7F2C9C}.Release|Win32.ActiveCfg = Release|Win32
		{E0C24948-7856-47F1-8249-2FCECC7F2C9C}.Release|Win32.Build.0 = Release|Win32
	EndGlobalSection
	GlobalSection(SolutionProperties) = preSolution
		HideSolutionNode = FALSE
	EndGlobalSection
EndGlobal
