
Microsoft Visual Studio Solution File, Format Version 11.00
# Visual Studio 2010
Project("{8BC9CEB8-8B4A-11D0-8D11-00A0C91BC942}") = "查找指定长度的单词", "查找指定长度的单词\查找指定长度的单词.vcxproj", "{6D077193-7393-4383-A16E-22E1BAC5D202}"
EndProject
Global
	GlobalSection(SolutionConfigurationPlatforms) = preSolution
		Debug|Win32 = Debug|Win32
		Release|Win32 = Release|Win32
	EndGlobalSection
	GlobalSection(ProjectConfigurationPlatforms) = postSolution
		{6D077193-7393-4383-A16E-22E1BAC5D202}.Debug|Win32.ActiveCfg = Debug|Win32
		{6D077193-7393-4383-A16E-22E1BAC5D202}.Debug|Win32.Build.0 = Debug|Win32
		{6D077193-7393-4383-A16E-22E1BAC5D202}.Release|Win32.ActiveCfg = Release|Win32
		{6D077193-7393-4383-A16E-22E1BAC5D202}.Release|Win32.Build.0 = Release|Win32
	EndGlobalSection
	GlobalSection(SolutionProperties) = preSolution
		HideSolutionNode = FALSE
	EndGlobalSection
EndGlobal
