
Microsoft Visual Studio Solution File, Format Version 11.00
# Visual Studio 2010
Project("{8BC9CEB8-8B4A-11D0-8D11-00A0C91BC942}") = "函数模版查找vector中的中间值", "函数模版查找vector中的中间值\函数模版查找vector中的中间值.vcxproj", "{324625F7-041A-4728-B172-55CECDF84ED0}"
EndProject
Global
	GlobalSection(SolutionConfigurationPlatforms) = preSolution
		Debug|Win32 = Debug|Win32
		Release|Win32 = Release|Win32
	EndGlobalSection
	GlobalSection(ProjectConfigurationPlatforms) = postSolution
		{324625F7-041A-4728-B172-55CECDF84ED0}.Debug|Win32.ActiveCfg = Debug|Win32
		{324625F7-041A-4728-B172-55CECDF84ED0}.Debug|Win32.Build.0 = Debug|Win32
		{324625F7-041A-4728-B172-55CECDF84ED0}.Release|Win32.ActiveCfg = Release|Win32
		{324625F7-041A-4728-B172-55CECDF84ED0}.Release|Win32.Build.0 = Release|Win32
	EndGlobalSection
	GlobalSection(SolutionProperties) = preSolution
		HideSolutionNode = FALSE
	EndGlobalSection
EndGlobal
