
Microsoft Visual Studio Solution File, Format Version 11.00
# Visual Studio 2010
Project("{8BC9CEB8-8B4A-11D0-8D11-00A0C91BC942}") = "salesitem类的建立和使用（头文件）", "salesitem类的建立和使用（头文件）\salesitem类的建立和使用（头文件）.vcxproj", "{A4D788FB-1B63-4343-8A4D-4A3CBAD37D86}"
EndProject
Global
	GlobalSection(SolutionConfigurationPlatforms) = preSolution
		Debug|Win32 = Debug|Win32
		Release|Win32 = Release|Win32
	EndGlobalSection
	GlobalSection(ProjectConfigurationPlatforms) = postSolution
		{A4D788FB-1B63-4343-8A4D-4A3CBAD37D86}.Debug|Win32.ActiveCfg = Debug|Win32
		{A4D788FB-1B63-4343-8A4D-4A3CBAD37D86}.Debug|Win32.Build.0 = Debug|Win32
		{A4D788FB-1B63-4343-8A4D-4A3CBAD37D86}.Release|Win32.ActiveCfg = Release|Win32
		{A4D788FB-1B63-4343-8A4D-4A3CBAD37D86}.Release|Win32.Build.0 = Release|Win32
	EndGlobalSection
	GlobalSection(SolutionProperties) = preSolution
		HideSolutionNode = FALSE
	EndGlobalSection
EndGlobal
