
Microsoft Visual Studio Solution File, Format Version 11.00
# Visual Studio 2010
Project("{8BC9CEB8-8B4A-11D0-8D11-00A0C91BC942}") = "传递参数的三种方法实现数组累加", "传递参数的三种方法实现数组累加\传递参数的三种方法实现数组累加.vcxproj", "{E9AD5819-C596-4532-8615-B1E0F90BAA55}"
EndProject
Global
	GlobalSection(SolutionConfigurationPlatforms) = preSolution
		Debug|Win32 = Debug|Win32
		Release|Win32 = Release|Win32
	EndGlobalSection
	GlobalSection(ProjectConfigurationPlatforms) = postSolution
		{E9AD5819-C596-4532-8615-B1E0F90BAA55}.Debug|Win32.ActiveCfg = Debug|Win32
		{E9AD5819-C596-4532-8615-B1E0F90BAA55}.Debug|Win32.Build.0 = Debug|Win32
		{E9AD5819-C596-4532-8615-B1E0F90BAA55}.Release|Win32.ActiveCfg = Release|Win32
		{E9AD5819-C596-4532-8615-B1E0F90BAA55}.Release|Win32.Build.0 = Release|Win32
	EndGlobalSection
	GlobalSection(SolutionProperties) = preSolution
		HideSolutionNode = FALSE
	EndGlobalSection
EndGlobal
