
Microsoft Visual Studio Solution File, Format Version 11.00
# Visual Studio 2010
Project("{8BC9CEB8-8B4A-11D0-8D11-00A0C91BC942}") = "比较两个list和vector中的元素是否相同", "比较两个list和vector中的元素是否相同\比较两个list和vector中的元素是否相同.vcxproj", "{014B5837-2385-4DE1-9C30-F16175A4CC4D}"
EndProject
Global
	GlobalSection(SolutionConfigurationPlatforms) = preSolution
		Debug|Win32 = Debug|Win32
		Release|Win32 = Release|Win32
	EndGlobalSection
	GlobalSection(ProjectConfigurationPlatforms) = postSolution
		{014B5837-2385-4DE1-9C30-F16175A4CC4D}.Debug|Win32.ActiveCfg = Debug|Win32
		{014B5837-2385-4DE1-9C30-F16175A4CC4D}.Debug|Win32.Build.0 = Debug|Win32
		{014B5837-2385-4DE1-9C30-F16175A4CC4D}.Release|Win32.ActiveCfg = Release|Win32
		{014B5837-2385-4DE1-9C30-F16175A4CC4D}.Release|Win32.Build.0 = Release|Win32
	EndGlobalSection
	GlobalSection(SolutionProperties) = preSolution
		HideSolutionNode = FALSE
	EndGlobalSection
EndGlobal
