
Microsoft Visual Studio Solution File, Format Version 11.00
# Visual Studio 2010
Project("{8BC9CEB8-8B4A-11D0-8D11-00A0C91BC942}") = "输出任意两个整数之间的所有整数", "输出任意两个整数之间的所有整数\输出任意两个整数之间的所有整数.vcxproj", "{BBFAC554-DF4C-4E2A-90D5-B0CDF830E873}"
EndProject
Global
	GlobalSection(SolutionConfigurationPlatforms) = preSolution
		Debug|Win32 = Debug|Win32
		Release|Win32 = Release|Win32
	EndGlobalSection
	GlobalSection(ProjectConfigurationPlatforms) = postSolution
		{BBFAC554-DF4C-4E2A-90D5-B0CDF830E873}.Debug|Win32.ActiveCfg = Debug|Win32
		{BBFAC554-DF4C-4E2A-90D5-B0CDF830E873}.Debug|Win32.Build.0 = Debug|Win32
		{BBFAC554-DF4C-4E2A-90D5-B0CDF830E873}.Release|Win32.ActiveCfg = Release|Win32
		{BBFAC554-DF4C-4E2A-90D5-B0CDF830E873}.Release|Win32.Build.0 = Release|Win32
	EndGlobalSection
	GlobalSection(SolutionProperties) = preSolution
		HideSolutionNode = FALSE
	EndGlobalSection
EndGlobal
