
Microsoft Visual Studio Solution File, Format Version 11.00
# Visual Studio 2010
Project("{8BC9CEB8-8B4A-11D0-8D11-00A0C91BC942}") = "用equalrange获取函数迭代器实现作者作品multimap", "用equalrange获取函数迭代器实现作者作品multimap\用equalrange获取函数迭代器实现作者作品multimap.vcxproj", "{8081B2CC-559B-48EB-84EE-04B2358094A7}"
EndProject
Global
	GlobalSection(SolutionConfigurationPlatforms) = preSolution
		Debug|Win32 = Debug|Win32
		Release|Win32 = Release|Win32
	EndGlobalSection
	GlobalSection(ProjectConfigurationPlatforms) = postSolution
		{8081B2CC-559B-48EB-84EE-04B2358094A7}.Debug|Win32.ActiveCfg = Debug|Win32
		{8081B2CC-559B-48EB-84EE-04B2358094A7}.Debug|Win32.Build.0 = Debug|Win32
		{8081B2CC-559B-48EB-84EE-04B2358094A7}.Release|Win32.ActiveCfg = Release|Win32
		{8081B2CC-559B-48EB-84EE-04B2358094A7}.Release|Win32.Build.0 = Release|Win32
	EndGlobalSection
	GlobalSection(SolutionProperties) = preSolution
		HideSolutionNode = FALSE
	EndGlobalSection
EndGlobal
